
Microsoft Visual Studio Solution File, Format Version 12.00
# Visual Studio 14
VisualStudioVersion = 14.0.23107.0
MinimumVisualStudioVersion = 10.0.40219.1
Project("{FAE04EC0-301F-11D3-BF4B-00C04F79EFBC}") = "UAClient", "UAClient\UAClient.csproj", "{01FC2AAD-6E34-4133-A283-AE7D588ECB8B}"
EndProject
Project("{FAE04EC0-301F-11D3-BF4B-00C04F79EFBC}") = "ClientAPI", "ClientAPI\ClientAPI.csproj", "{908DE8CF-B4D2-4A1A-9B6A-D82D93B8392D}"
EndProject
Project("{FAE04EC0-301F-11D3-BF4B-00C04F79EFBC}") = "SimpleClient", "SimpleClient\SimpleClient.csproj", "{FA97DC0E-448B-447B-A54F-128B3E65B91F}"
EndProject
Global
	GlobalSection(SolutionConfigurationPlatforms) = preSolution
		Debug|Any CPU = Debug|Any CPU
		Release|Any CPU = Release|Any CPU
	EndGlobalSection
	GlobalSection(ProjectConfigurationPlatforms) = postSolution
		{01FC2AAD-6E34-4133-A283-AE7D588ECB8B}.Debug|Any CPU.ActiveCfg = Debug|Any CPU
		{01FC2AAD-6E34-4133-A283-AE7D588ECB8B}.Debug|Any CPU.Build.0 = Debug|Any CPU
		{01FC2AAD-6E34-4133-A283-AE7D588ECB8B}.Release|Any CPU.ActiveCfg = Release|Any CPU
		{01FC2AAD-6E34-4133-A283-AE7D588ECB8B}.Release|Any CPU.Build.0 = Release|Any CPU
		{908DE8CF-B4D2-4A1A-9B6A-D82D93B8392D}.Debug|Any CPU.ActiveCfg = Debug|Any CPU
		{908DE8CF-B4D2-4A1A-9B6A-D82D93B8392D}.Debug|Any CPU.Build.0 = Debug|Any CPU
		{908DE8CF-B4D2-4A1A-9B6A-D82D93B8392D}.Release|Any CPU.ActiveCfg = Release|Any CPU
		{908DE8CF-B4D2-4A1A-9B6A-D82D93B8392D}.Release|Any CPU.Build.0 = Release|Any CPU
		{FA97DC0E-448B-447B-A54F-128B3E65B91F}.Debug|Any CPU.ActiveCfg = Debug|Any CPU
		{FA97DC0E-448B-447B-A54F-128B3E65B91F}.Debug|Any CPU.Build.0 = Debug|Any CPU
		{FA97DC0E-448B-447B-A54F-128B3E65B91F}.Release|Any CPU.ActiveCfg = Release|Any CPU
		{FA97DC0E-448B-447B-A54F-128B3E65B91F}.Release|Any CPU.Build.0 = Release|Any CPU
	EndGlobalSection
	GlobalSection(SolutionProperties) = preSolution
		HideSolutionNode = FALSE
	EndGlobalSection
EndGlobal
